{
    "_readme": [
        "This file locks the dependencies of your project to a known state",
        "Read more about it at https://getcomposer.org/doc/01-basic-usage.md#installing-dependencies",
        "This file is @generated automatically"
    ],
    "content-hash": "377d874e88cc4f40c8239ed10c421317",
    "packages": [
        {
            "name": "steampixel/simple-php-router",
            "version": "0.6.0",
            "source": {
                "type": "git",
                "url": "https://github.com/steampixel/simplePHPRouter.git",
                "reference": "d7775a9fadbe01d83ff88d549d5401e507fbfb02"
            },
            "dist": {
                "type": "zip",
                "url": "https://api.github.com/repos/steampixel/simplePHPRouter/zipball/d7775a9fadbe01d83ff88d549d5401e507fbfb02",
                "reference": "d7775a9fadbe01d83ff88d549d5401e507fbfb02",
                "shasum": ""
            },
            "type": "library",
            "autoload": {
                "psr-0": {
                    "Steampixel": "src/"
                }
            },
            "notification-url": "https://packagist.org/downloads/",
            "license": [
                "MIT"
            ],
            "authors": [
                {
                    "name": "Christoph Stitz",
                    "email": "info@steampixel.de",
                    "homepage": "https://steampixel.de/"
                },
                {
                    "name": "Maximilian Götz",
                    "email": "contact@maxbits.net",
                    "homepage": "https://www.maxbits.net/"
                }
            ],
            "description": "This is a simple and small PHP router that can handel the whole url routing for your project.",
            "support": {
                "issues": "https://github.com/steampixel/simplePHPRouter/issues",
                "source": "https://github.com/steampixel/simplePHPRouter/tree/0.6.0"
            },
            "time": "2021-02-08T10:00:50+00:00"
        }
    ],
    "packages-dev": [],
    "aliases": [],
    "minimum-stability": "stable",
    "stability-flags": [],
    "prefer-stable": false,
    "prefer-lowest": false,
    "platform": [],
    "platform-dev": [],
    "plugin-api-version": "2.0.0"
}
